
Microsoft Visual Studio Solution File, Format Version 12.00
# Visual Studio Version 17
VisualStudioVersion = 17.7.34031.279
MinimumVisualStudioVersion = 10.0.40219.1
Project("{9A19103F-16F7-4668-BE54-9A1E7A4F7556}") = "ооп 2", "ооп 2\ооп 2.csproj", "{63337768-CFBD-4F63-8721-5D9A26EB06F2}"
EndProject
Project("{FAE04EC0-301F-11D3-BF4B-00C04F79EFBC}") = "ооп 2Tests", "ооп 2Tests\ооп 2Tests.csproj", "{B6318251-2455-456E-83D1-2744470202F7}"
EndProject
Global
	GlobalSection(SolutionConfigurationPlatforms) = preSolution
		Debug|Any CPU = Debug|Any CPU
		Release|Any CPU = Release|Any CPU
	EndGlobalSection
	GlobalSection(ProjectConfigurationPlatforms) = postSolution
		{63337768-CFBD-4F63-8721-5D9A26EB06F2}.Debug|Any CPU.ActiveCfg = Debug|Any CPU
		{63337768-CFBD-4F63-8721-5D9A26EB06F2}.Debug|Any CPU.Build.0 = Debug|Any CPU
		{63337768-CFBD-4F63-8721-5D9A26EB06F2}.Release|Any CPU.ActiveCfg = Release|Any CPU
		{63337768-CFBD-4F63-8721-5D9A26EB06F2}.Release|Any CPU.Build.0 = Release|Any CPU
		{B6318251-2455-456E-83D1-2744470202F7}.Debug|Any CPU.ActiveCfg = Debug|Any CPU
		{B6318251-2455-456E-83D1-2744470202F7}.Debug|Any CPU.Build.0 = Debug|Any CPU
		{B6318251-2455-456E-83D1-2744470202F7}.Release|Any CPU.ActiveCfg = Release|Any CPU
		{B6318251-2455-456E-83D1-2744470202F7}.Release|Any CPU.Build.0 = Release|Any CPU
	EndGlobalSection
	GlobalSection(SolutionProperties) = preSolution
		HideSolutionNode = FALSE
	EndGlobalSection
	GlobalSection(ExtensibilityGlobals) = postSolution
		SolutionGuid = {87430DC0-5533-4530-A4A7-453661DDFC6F}
	EndGlobalSection
EndGlobal
